
Microsoft Visual Studio Solution File, Format Version 12.00
# Visual Studio Version 17
VisualStudioVersion = 17.4.33213.308
MinimumVisualStudioVersion = 10.0.40219.1
Project("{8BC9CEB8-8B4A-11D0-8D11-00A0C91BC942}") = "week01_change", "week01_change\week01_change.vcxproj", "{E2AA5386-EDB5-47B6-A01D-D4A68D32BC99}"
EndProject
Project("{8BC9CEB8-8B4A-11D0-8D11-00A0C91BC942}") = "week02_roman_to_cardinal", "week02_roman_to_cardinal\week02_roman_to_cardinal.vcxproj", "{562203A4-E6FC-435A-B8D7-5AF19432F0D9}"
EndProject
Project("{8BC9CEB8-8B4A-11D0-8D11-00A0C91BC942}") = "week02_cardinal_to_roman", "week02_cardinal_to_roman\week02_cardinal_to_roman.vcxproj", "{54AAB20F-6807-46F7-9BCD-2766D41F6FC1}"
EndProject
Project("{8BC9CEB8-8B4A-11D0-8D11-00A0C91BC942}") = "study", "study\study.vcxproj", "{9A68FF2E-FC78-42A4-BF0D-5A0D614096E2}"
EndProject
Project("{8BC9CEB8-8B4A-11D0-8D11-00A0C91BC942}") = "week04_Tree", "week04_Tree\week04_Tree.vcxproj", "{E1E7E2A2-3A6F-44C8-828D-074C3A539645}"
EndProject
Project("{8BC9CEB8-8B4A-11D0-8D11-00A0C91BC942}") = "week05_SRPG", "week05_SRPG\week05_SRPG.vcxproj", "{064562B5-4D11-4BD1-9A77-6061DB1FE215}"
EndProject
Global
	GlobalSection(SolutionConfigurationPlatforms) = preSolution
		Debug|x64 = Debug|x64
		Debug|x86 = Debug|x86
		Release|x64 = Release|x64
		Release|x86 = Release|x86
	EndGlobalSection
	GlobalSection(ProjectConfigurationPlatforms) = postSolution
		{E2AA5386-EDB5-47B6-A01D-D4A68D32BC99}.Debug|x64.ActiveCfg = Debug|x64
		{E2AA5386-EDB5-47B6-A01D-D4A68D32BC99}.Debug|x64.Build.0 = Debug|x64
		{E2AA5386-EDB5-47B6-A01D-D4A68D32BC99}.Debug|x86.ActiveCfg = Debug|Win32
		{E2AA5386-EDB5-47B6-A01D-D4A68D32BC99}.Debug|x86.Build.0 = Debug|Win32
		{E2AA5386-EDB5-47B6-A01D-D4A68D32BC99}.Release|x64.ActiveCfg = Release|x64
		{E2AA5386-EDB5-47B6-A01D-D4A68D32BC99}.Release|x64.Build.0 = Release|x64
		{E2AA5386-EDB5-47B6-A01D-D4A68D32BC99}.Release|x86.ActiveCfg = Release|Win32
		{E2AA5386-EDB5-47B6-A01D-D4A68D32BC99}.Release|x86.Build.0 = Release|Win32
		{562203A4-E6FC-435A-B8D7-5AF19432F0D9}.Debug|x64.ActiveCfg = Debug|x64
		{562203A4-E6FC-435A-B8D7-5AF19432F0D9}.Debug|x64.Build.0 = Debug|x64
		{562203A4-E6FC-435A-B8D7-5AF19432F0D9}.Debug|x86.ActiveCfg = Debug|Win32
		{562203A4-E6FC-435A-B8D7-5AF19432F0D9}.Debug|x86.Build.0 = Debug|Win32
		{562203A4-E6FC-435A-B8D7-5AF19432F0D9}.Release|x64.ActiveCfg = Release|x64
		{562203A4-E6FC-435A-B8D7-5AF19432F0D9}.Release|x64.Build.0 = Release|x64
		{562203A4-E6FC-435A-B8D7-5AF19432F0D9}.Release|x86.ActiveCfg = Release|Win32
		{562203A4-E6FC-435A-B8D7-5AF19432F0D9}.Release|x86.Build.0 = Release|Win32
		{54AAB20F-6807-46F7-9BCD-2766D41F6FC1}.Debug|x64.ActiveCfg = Debug|x64
		{54AAB20F-6807-46F7-9BCD-2766D41F6FC1}.Debug|x64.Build.0 = Debug|x64
		{54AAB20F-6807-46F7-9BCD-2766D41F6FC1}.Debug|x86.ActiveCfg = Debug|Win32
		{54AAB20F-6807-46F7-9BCD-2766D41F6FC1}.Debug|x86.Build.0 = Debug|Win32
		{54AAB20F-6807-46F7-9BCD-2766D41F6FC1}.Release|x64.ActiveCfg = Release|x64
		{54AAB20F-6807-46F7-9BCD-2766D41F6FC1}.Release|x64.Build.0 = Release|x64
		{54AAB20F-6807-46F7-9BCD-2766D41F6FC1}.Release|x86.ActiveCfg = Release|Win32
		{54AAB20F-6807-46F7-9BCD-2766D41F6FC1}.Release|x86.Build.0 = Release|Win32
		{9A68FF2E-FC78-42A4-BF0D-5A0D614096E2}.Debug|x64.ActiveCfg = Debug|x64
		{9A68FF2E-FC78-42A4-BF0D-5A0D614096E2}.Debug|x64.Build.0 = Debug|x64
		{9A68FF2E-FC78-42A4-BF0D-5A0D614096E2}.Debug|x86.ActiveCfg = Debug|Win32
		{9A68FF2E-FC78-42A4-BF0D-5A0D614096E2}.Debug|x86.Build.0 = Debug|Win32
		{9A68FF2E-FC78-42A4-BF0D-5A0D614096E2}.Release|x64.ActiveCfg = Release|x64
		{9A68FF2E-FC78-42A4-BF0D-5A0D614096E2}.Release|x64.Build.0 = Release|x64
		{9A68FF2E-FC78-42A4-BF0D-5A0D614096E2}.Release|x86.ActiveCfg = Release|Win32
		{9A68FF2E-FC78-42A4-BF0D-5A0D614096E2}.Release|x86.Build.0 = Release|Win32
		{E1E7E2A2-3A6F-44C8-828D-074C3A539645}.Debug|x64.ActiveCfg = Debug|x64
		{E1E7E2A2-3A6F-44C8-828D-074C3A539645}.Debug|x64.Build.0 = Debug|x64
		{E1E7E2A2-3A6F-44C8-828D-074C3A539645}.Debug|x86.ActiveCfg = Debug|Win32
		{E1E7E2A2-3A6F-44C8-828D-074C3A539645}.Debug|x86.Build.0 = Debug|Win32
		{E1E7E2A2-3A6F-44C8-828D-074C3A539645}.Release|x64.ActiveCfg = Release|x64
		{E1E7E2A2-3A6F-44C8-828D-074C3A539645}.Release|x64.Build.0 = Release|x64
		{E1E7E2A2-3A6F-44C8-828D-074C3A539645}.Release|x86.ActiveCfg = Release|Win32
		{E1E7E2A2-3A6F-44C8-828D-074C3A539645}.Release|x86.Build.0 = Release|Win32
		{064562B5-4D11-4BD1-9A77-6061DB1FE215}.Debug|x64.ActiveCfg = Debug|x64
		{064562B5-4D11-4BD1-9A77-6061DB1FE215}.Debug|x64.Build.0 = Debug|x64
		{064562B5-4D11-4BD1-9A77-6061DB1FE215}.Debug|x86.ActiveCfg = Debug|Win32
		{064562B5-4D11-4BD1-9A77-6061DB1FE215}.Debug|x86.Build.0 = Debug|Win32
		{064562B5-4D11-4BD1-9A77-6061DB1FE215}.Release|x64.ActiveCfg = Release|x64
		{064562B5-4D11-4BD1-9A77-6061DB1FE215}.Release|x64.Build.0 = Release|x64
		{064562B5-4D11-4BD1-9A77-6061DB1FE215}.Release|x86.ActiveCfg = Release|Win32
		{064562B5-4D11-4BD1-9A77-6061DB1FE215}.Release|x86.Build.0 = Release|Win32
	EndGlobalSection
	GlobalSection(SolutionProperties) = preSolution
		HideSolutionNode = FALSE
	EndGlobalSection
	GlobalSection(ExtensibilityGlobals) = postSolution
		SolutionGuid = {08720C2D-40F6-4D88-889C-78294E27D37D}
	EndGlobalSection
EndGlobal
